
Microsoft Visual Studio Solution File, Format Version 12.00
# Visual Studio 2012
Project("{FAE04EC0-301F-11D3-BF4B-00C04F79EFBC}") = "SharpVPK", "SharpVPK\SharpVPK.csproj", "{430E062C-4372-4B73-A2F2-1E25F81E2195}"
EndProject
Project("{FAE04EC0-301F-11D3-BF4B-00C04F79EFBC}") = "SharpVPK.Test", "SharpVPK.Test\SharpVPK.Test.csproj", "{DAC57E09-A543-4E03-9D93-30DB342FFBAA}"
EndProject
Global
	GlobalSection(SolutionConfigurationPlatforms) = preSolution
		Debug|Any CPU = Debug|Any CPU
		Release|Any CPU = Release|Any CPU
	EndGlobalSection
	GlobalSection(ProjectConfigurationPlatforms) = postSolution
		{430E062C-4372-4B73-A2F2-1E25F81E2195}.Debug|Any CPU.ActiveCfg = Debug|Any CPU
		{430E062C-4372-4B73-A2F2-1E25F81E2195}.Debug|Any CPU.Build.0 = Debug|Any CPU
		{430E062C-4372-4B73-A2F2-1E25F81E2195}.Release|Any CPU.ActiveCfg = Release|Any CPU
		{430E062C-4372-4B73-A2F2-1E25F81E2195}.Release|Any CPU.Build.0 = Release|Any CPU
		{DAC57E09-A543-4E03-9D93-30DB342FFBAA}.Debug|Any CPU.ActiveCfg = Debug|Any CPU
		{DAC57E09-A543-4E03-9D93-30DB342FFBAA}.Debug|Any CPU.Build.0 = Debug|Any CPU
		{DAC57E09-A543-4E03-9D93-30DB342FFBAA}.Release|Any CPU.ActiveCfg = Release|Any CPU
		{DAC57E09-A543-4E03-9D93-30DB342FFBAA}.Release|Any CPU.Build.0 = Release|Any CPU
	EndGlobalSection
	GlobalSection(SolutionProperties) = preSolution
		HideSolutionNode = FALSE
	EndGlobalSection
EndGlobal
